Microsoft Visual Studio Solution File, Format Version 11.00
# Visual Studio 2010
Project("{FAE04EC0-301F-11D3-BF4B-00C04F79EFBC}") = "Svelto.Common", "Svelto.Common.csproj", "{FF0C2519-5260-02A6-9FE5-A3F9522F6FB6}"
EndProject
Project("{FAE04EC0-301F-11D3-BF4B-00C04F79EFBC}") = "Svelto.Tasks", "Svelto.Tasks.csproj", "{F5B8FC08-C508-6686-E4DB-6606BA70231B}"
EndProject
Project("{FAE04EC0-301F-11D3-BF4B-00C04F79EFBC}") = "Main", "Main.csproj", "{7EC160C2-1361-81AE-2828-A5DADA51ACF6}"
EndProject
Project("{FAE04EC0-301F-11D3-BF4B-00C04F79EFBC}") = "Svelto.ECS", "Svelto.ECS.csproj", "{08684BC4-E7B2-B2A2-BAD7-F23D52FC18BE}"
EndProject
Project("{FAE04EC0-301F-11D3-BF4B-00C04F79EFBC}") = "Svelto.ECS.Components.Unity", "Svelto.ECS.Components.Unity.csproj", "{F7B4D75F-9912-3DC5-D8A1-625FD65178E0}"
EndProject
Project("{FAE04EC0-301F-11D3-BF4B-00C04F79EFBC}") = "Svelto.Pool.Debugger", "Svelto.Pool.Debugger.csproj", "{2A130375-AB9F-43AB-976D-80F108A449D5}"
EndProject
Project("{FAE04EC0-301F-11D3-BF4B-00C04F79EFBC}") = "Svelto.Tasks.StopEditorThread", "Svelto.Tasks.StopEditorThread.csproj", "{D08FFFB4-397C-4438-03D3-79122B522A89}"
EndProject
Global
	GlobalSection(SolutionConfigurationPlatforms) = preSolution
		Debug|Any CPU = Debug|Any CPU
		Release|Any CPU = Release|Any CPU
	EndGlobalSection
	GlobalSection(ProjectConfigurationPlatforms) = postSolution
		{FF0C2519-5260-02A6-9FE5-A3F9522F6FB6}.Debug|Any CPU.ActiveCfg = Debug|Any CPU
		{FF0C2519-5260-02A6-9FE5-A3F9522F6FB6}.Debug|Any CPU.Build.0 = Debug|Any CPU
		{FF0C2519-5260-02A6-9FE5-A3F9522F6FB6}.Release|Any CPU.ActiveCfg = Release|Any CPU
		{FF0C2519-5260-02A6-9FE5-A3F9522F6FB6}.Release|Any CPU.Build.0 = Release|Any CPU
		{F5B8FC08-C508-6686-E4DB-6606BA70231B}.Debug|Any CPU.ActiveCfg = Debug|Any CPU
		{F5B8FC08-C508-6686-E4DB-6606BA70231B}.Debug|Any CPU.Build.0 = Debug|Any CPU
		{F5B8FC08-C508-6686-E4DB-6606BA70231B}.Release|Any CPU.ActiveCfg = Release|Any CPU
		{F5B8FC08-C508-6686-E4DB-6606BA70231B}.Release|Any CPU.Build.0 = Release|Any CPU
		{7EC160C2-1361-81AE-2828-A5DADA51ACF6}.Debug|Any CPU.ActiveCfg = Debug|Any CPU
		{7EC160C2-1361-81AE-2828-A5DADA51ACF6}.Debug|Any CPU.Build.0 = Debug|Any CPU
		{7EC160C2-1361-81AE-2828-A5DADA51ACF6}.Release|Any CPU.ActiveCfg = Release|Any CPU
		{7EC160C2-1361-81AE-2828-A5DADA51ACF6}.Release|Any CPU.Build.0 = Release|Any CPU
		{08684BC4-E7B2-B2A2-BAD7-F23D52FC18BE}.Debug|Any CPU.ActiveCfg = Debug|Any CPU
		{08684BC4-E7B2-B2A2-BAD7-F23D52FC18BE}.Debug|Any CPU.Build.0 = Debug|Any CPU
		{08684BC4-E7B2-B2A2-BAD7-F23D52FC18BE}.Release|Any CPU.ActiveCfg = Release|Any CPU
		{08684BC4-E7B2-B2A2-BAD7-F23D52FC18BE}.Release|Any CPU.Build.0 = Release|Any CPU
		{F7B4D75F-9912-3DC5-D8A1-625FD65178E0}.Debug|Any CPU.ActiveCfg = Debug|Any CPU
		{F7B4D75F-9912-3DC5-D8A1-625FD65178E0}.Debug|Any CPU.Build.0 = Debug|Any CPU
		{F7B4D75F-9912-3DC5-D8A1-625FD65178E0}.Release|Any CPU.ActiveCfg = Release|Any CPU
		{F7B4D75F-9912-3DC5-D8A1-625FD65178E0}.Release|Any CPU.Build.0 = Release|Any CPU
		{2A130375-AB9F-43AB-976D-80F108A449D5}.Debug|Any CPU.ActiveCfg = Debug|Any CPU
		{2A130375-AB9F-43AB-976D-80F108A449D5}.Debug|Any CPU.Build.0 = Debug|Any CPU
		{2A130375-AB9F-43AB-976D-80F108A449D5}.Release|Any CPU.ActiveCfg = Release|Any CPU
		{2A130375-AB9F-43AB-976D-80F108A449D5}.Release|Any CPU.Build.0 = Release|Any CPU
		{D08FFFB4-397C-4438-03D3-79122B522A89}.Debug|Any CPU.ActiveCfg = Debug|Any CPU
		{D08FFFB4-397C-4438-03D3-79122B522A89}.Debug|Any CPU.Build.0 = Debug|Any CPU
		{D08FFFB4-397C-4438-03D3-79122B522A89}.Release|Any CPU.ActiveCfg = Release|Any CPU
		{D08FFFB4-397C-4438-03D3-79122B522A89}.Release|Any CPU.Build.0 = Release|Any CPU
	EndGlobalSection
	GlobalSection(SolutionProperties) = preSolution
		HideSolutionNode = FALSE
	EndGlobalSection
EndGlobal
